
Microsoft Visual Studio Solution File, Format Version 12.00
# Blend for Visual Studio Version 16
VisualStudioVersion = 16.0.30804.86
MinimumVisualStudioVersion = 10.0.40219.1
Project("{FAE04EC0-301F-11D3-BF4B-00C04F79EFBC}") = "Switcher", "Switcher\Switcher.csproj", "{D66F0696-CDBD-4A23-A199-29745D04DCD4}"
EndProject
Global
	GlobalSection(SolutionConfigurationPlatforms) = preSolution
		Debug|Any CPU = Debug|Any CPU
		Release|Any CPU = Release|Any CPU
	EndGlobalSection
	GlobalSection(ProjectConfigurationPlatforms) = postSolution
		{D66F0696-CDBD-4A23-A199-29745D04DCD4}.Debug|Any CPU.ActiveCfg = Debug|Any CPU
		{D66F0696-CDBD-4A23-A199-29745D04DCD4}.Debug|Any CPU.Build.0 = Debug|Any CPU
		{D66F0696-CDBD-4A23-A199-29745D04DCD4}.Release|Any CPU.ActiveCfg = Release|Any CPU
		{D66F0696-CDBD-4A23-A199-29745D04DCD4}.Release|Any CPU.Build.0 = Release|Any CPU
	EndGlobalSection
	GlobalSection(SolutionProperties) = preSolution
		HideSolutionNode = FALSE
	EndGlobalSection
	GlobalSection(ExtensibilityGlobals) = postSolution
		SolutionGuid = {9E951FBE-B146-4DCE-9CC6-2DC7440E395B}
	EndGlobalSection
EndGlobal
